{
  "name": "react-native-starter",
  "version": "2.0.0",
  "lockfileVersion": 1,
  "requires": true,
  "dependencies": {
    "invariant": {
      "version": "2.2.4",
      "resolved": "https://registry.npmjs.org/invariant/-/invariant-2.2.4.tgz",
      "integrity": "sha512-phJfQVBuaJM5raOpJjSfkiD6BpbCE4Ns//LaXl6wGYtUBY83nWS6Rf9tXm2e8VaK60JEjYldbPif/A2B1C2gNA==",
      "requires": {
        "loose-envify": "1.4.0"
      }
    },
    "js-tokens": {
      "version": "4.0.0",
      "resolved": "https://registry.npmjs.org/js-tokens/-/js-tokens-4.0.0.tgz",
      "integrity": "sha512-RdJUflcE3cUzKiMqQgsCu06FPu9UdIJO0beYbPhHN4k6apgJtifcoCtT9bcxOpYBtpD2kCM6Sbzg4CausW/PKQ=="
    },
    "loose-envify": {
      "version": "1.4.0",
      "resolved": "https://registry.npmjs.org/loose-envify/-/loose-envify-1.4.0.tgz",
      "integrity": "sha512-lyuxPGr/Wfhrlem2CL/UcnUc1zcqKAImBDzukY7Y5F/yQiNdko6+fRLevlw1HgMySw7f611UIY408EtxRSoK3Q==",
      "requires": {
        "js-tokens": "4.0.0"
      }
    },
    "react-native-oauth": {
      "version": "2.1.18",
      "resolved": "https://registry.npmjs.org/react-native-oauth/-/react-native-oauth-2.1.18.tgz",
      "integrity": "sha512-+ZNjZAq6J451HlBFvO32AFYzgaDVY9lc9dWg40AYki38sznET/3g2MPO2SIgJ8l7kV3dNddOskYa3IHfbdqL3w==",
      "requires": {
        "invariant": "2.2.4",
        "valib": "2.0.0"
      }
    },
    "valib": {
      "version": "2.0.0",
      "resolved": "https://registry.npmjs.org/valib/-/valib-2.0.0.tgz",
      "integrity": "sha1-4NRVsQ4XrmBcDzOXGtrHNWTuGKc="
    }
  }
}
